{
  "name": "dians_lab",
  "version": "1.0.0",
  "lockfileVersion": 2,
  "requires": true,
  "packages": {
    "": {
      "name": "dians_lab",
      "version": "1.0.0",
      "license": "ISC",
      "dependencies": {
        "leaflet-draw": "^1.0.4"
      }
    },
    "node_modules/leaflet-draw": {
      "version": "1.0.4",
      "resolved": "https://registry.npmjs.org/leaflet-draw/-/leaflet-draw-1.0.4.tgz",
      "integrity": "sha512-rsQ6saQO5ST5Aj6XRFylr5zvarWgzWnrg46zQ1MEOEIHsppdC/8hnN8qMoFvACsPvTioAuysya/TVtog15tyAQ=="
    }
  },
  "dependencies": {
    "leaflet-draw": {
      "version": "1.0.4",
      "resolved": "https://registry.npmjs.org/leaflet-draw/-/leaflet-draw-1.0.4.tgz",
      "integrity": "sha512-rsQ6saQO5ST5Aj6XRFylr5zvarWgzWnrg46zQ1MEOEIHsppdC/8hnN8qMoFvACsPvTioAuysya/TVtog15tyAQ=="
    }
  }
}
